
Microsoft Visual Studio Solution File, Format Version 12.00
# Visual Studio Version 17
VisualStudioVersion = 17.8.34322.80
MinimumVisualStudioVersion = 10.0.40219.1
Project("{FAE04EC0-301F-11D3-BF4B-00C04F79EFBC}") = "MrPerezApiCore", "MrPerezApiCore\MrPerezApiCore.csproj", "{059A061B-3AAB-406B-A19A-27B6955DFB69}"
EndProject
Global
	GlobalSection(SolutionConfigurationPlatforms) = preSolution
		Debug|Any CPU = Debug|Any CPU
		Release|Any CPU = Release|Any CPU
	EndGlobalSection
	GlobalSection(ProjectConfigurationPlatforms) = postSolution
		{059A061B-3AAB-406B-A19A-27B6955DFB69}.Debug|Any CPU.ActiveCfg = Debug|Any CPU
		{059A061B-3AAB-406B-A19A-27B6955DFB69}.Debug|Any CPU.Build.0 = Debug|Any CPU
		{059A061B-3AAB-406B-A19A-27B6955DFB69}.Release|Any CPU.ActiveCfg = Release|Any CPU
		{059A061B-3AAB-406B-A19A-27B6955DFB69}.Release|Any CPU.Build.0 = Release|Any CPU
	EndGlobalSection
	GlobalSection(SolutionProperties) = preSolution
		HideSolutionNode = FALSE
	EndGlobalSection
	GlobalSection(ExtensibilityGlobals) = postSolution
		SolutionGuid = {DEBB7388-481D-4166-83E9-DB11764D8992}
	EndGlobalSection
EndGlobal
